// !$*UTF8*$!
{
	archiveVersion = 1;
	classes = {
	};
	objectVersion = 46;
	objects = {

/* Begin PBXBuildFile section */
		0874CB15E68830F3E5A33372 /* Pods_EventFeed_ChatApp.framework in Frameworks */ = {isa = PBXBuildFile; fileRef = 28D8419C51AE738119B47F50 /* Pods_EventFeed_ChatApp.framework */; };
		79E1170AB1D2509EEA11EF40 /* Pods_EventFeed_ChatAppUITests.framework in Frameworks */ = {isa = PBXBuildFile; fileRef = 5610EE383850641413B698CB /* Pods_EventFeed_ChatAppUITests.framework */; };
		A60DB9F41E88327A009F2823 /* GoogleService-Info.plist in Resources */ = {isa = PBXBuildFile; fileRef = A60DB9F31E88327A009F2823 /* GoogleService-Info.plist */; };
		A60DB9F61E88377F009F2823 /* UsersViewController.swift in Sources */ = {isa = PBXBuildFile; fileRef = A60DB9F51E88377F009F2823 /* UsersViewController.swift */; };
		A60DB9F81E8842EF009F2823 /* UserDefaultHelpers.swift in Sources */ = {isa = PBXBuildFile; fileRef = A60DB9F71E8842EE009F2823 /* UserDefaultHelpers.swift */; };
		A60DB9FA1E8C4E64009F2823 /* User.swift in Sources */ = {isa = PBXBuildFile; fileRef = A60DB9F91E8C4E64009F2823 /* User.swift */; };
		A6D037441E7FC81800085244 /* AppDelegate.swift in Sources */ = {isa = PBXBuildFile; fileRef = A6D037431E7FC81800085244 /* AppDelegate.swift */; };
		A6D037461E7FC81800085244 /* FeedsViewController.swift in Sources */ = {isa = PBXBuildFile; fileRef = A6D037451E7FC81800085244 /* FeedsViewController.swift */; };
		A6D0374B1E7FC81900085244 /* Assets.xcassets in Resources */ = {isa = PBXBuildFile; fileRef = A6D0374A1E7FC81900085244 /* Assets.xcassets */; };
		A6D0374E1E7FC81900085244 /* LaunchScreen.storyboard in Resources */ = {isa = PBXBuildFile; fileRef = A6D0374C1E7FC81900085244 /* LaunchScreen.storyboard */; };
		A6D037591E7FC81900085244 /* EventFeed_ChatAppTests.swift in Sources */ = {isa = PBXBuildFile; fileRef = A6D037581E7FC81900085244 /* EventFeed_ChatAppTests.swift */; };
		A6D037641E7FC81900085244 /* EventFeed_ChatAppUITests.swift in Sources */ = {isa = PBXBuildFile; fileRef = A6D037631E7FC81900085244 /* EventFeed_ChatAppUITests.swift */; };
		A6D037771E813D4400085244 /* Extensions.swift in Sources */ = {isa = PBXBuildFile; fileRef = A6D037761E813D4400085244 /* Extensions.swift */; };
		A6D037791E814B7800085244 /* MainTabBarController.swift in Sources */ = {isa = PBXBuildFile; fileRef = A6D037781E814B7800085244 /* MainTabBarController.swift */; };
		A6D0377B1E816A3B00085244 /* Event.swift in Sources */ = {isa = PBXBuildFile; fileRef = A6D0377A1E816A3B00085244 /* Event.swift */; };
		A6D0377D1E816AAB00085244 /* FeedsCell.swift in Sources */ = {isa = PBXBuildFile; fileRef = A6D0377C1E816AAB00085244 /* FeedsCell.swift */; };
		A6D0377F1E81811900085244 /* PageCell.swift in Sources */ = {isa = PBXBuildFile; fileRef = A6D0377E1E81811900085244 /* PageCell.swift */; };
		A6D037811E81813F00085244 /* Page.swift in Sources */ = {isa = PBXBuildFile; fileRef = A6D037801E81813F00085244 /* Page.swift */; };
		A6D037831E81818000085244 /* LoginViewController.swift in Sources */ = {isa = PBXBuildFile; fileRef = A6D037821E81818000085244 /* LoginViewController.swift */; };
		A6D037851E818E4100085244 /* LoginCell.swift in Sources */ = {isa = PBXBuildFile; fileRef = A6D037841E818E4100085244 /* LoginCell.swift */; };
		E1A24C576A41A9E050483837 /* Pods_EventFeed_ChatAppTests.framework in Frameworks */ = {isa = PBXBuildFile; fileRef = 0D273AA6019DABA73FC7B991 /* Pods_EventFeed_ChatAppTests.framework */; };
/* End PBXBuildFile section */

/* Begin PBXContainerItemProxy section */
		A6D037551E7FC81900085244 /* PBXContainerItemProxy */ = {
			isa = PBXContainerItemProxy;
			containerPortal = A6D037381E7FC81800085244 /* Project object */;
			proxyType = 1;
			remoteGlobalIDString = A6D0373F1E7FC81800085244;
			remoteInfo = "EventFeed-ChatApp";
		};
		A6D037601E7FC81900085244 /* PBXContainerItemProxy */ = {
			isa = PBXContainerItemProxy;
			containerPortal = A6D037381E7FC81800085244 /* Project object */;
			proxyType = 1;
			remoteGlobalIDString = A6D0373F1E7FC81800085244;
			remoteInfo = "EventFeed-ChatApp";
		};
/* End PBXContainerItemProxy section */

/* Begin PBXFileReference section */
		0D273AA6019DABA73FC7B991 /* Pods_EventFeed_ChatAppTests.framework */ = {isa = PBXFileReference; explicitFileType = wrapper.framework; includeInIndex = 0; path = Pods_EventFeed_ChatAppTests.framework; sourceTree = BUILT_PRODUCTS_DIR; };
		22A52DFE641EA80D5FAE31CA /* Pods-EventFeed-ChatAppTests.debug.xcconfig */ = {isa = PBXFileReference; includeInIndex = 1; lastKnownFileType = text.xcconfig; name = "Pods-EventFeed-ChatAppTests.debug.xcconfig"; path = "Pods/Target Support Files/Pods-EventFeed-ChatAppTests/Pods-EventFeed-ChatAppTests.debug.xcconfig"; sourceTree = "<group>"; };
		28D8419C51AE738119B47F50 /* Pods_EventFeed_ChatApp.framework */ = {isa = PBXFileReference; explicitFileType = wrapper.framework; includeInIndex = 0; path = Pods_EventFeed_ChatApp.framework; sourceTree = BUILT_PRODUCTS_DIR; };
		5610EE383850641413B698CB /* Pods_EventFeed_ChatAppUITests.framework */ = {isa = PBXFileReference; explicitFileType = wrapper.framework; includeInIndex = 0; path = Pods_EventFeed_ChatAppUITests.framework; sourceTree = BUILT_PRODUCTS_DIR; };
		56FCBD5E952108B55C6B8490 /* Pods-EventFeed-ChatAppUITests.debug.xcconfig */ = {isa = PBXFileReference; includeInIndex = 1; lastKnownFileType = text.xcconfig; name = "Pods-EventFeed-ChatAppUITests.debug.xcconfig"; path = "Pods/Target Support Files/Pods-EventFeed-ChatAppUITests/Pods-EventFeed-ChatAppUITests.debug.xcconfig"; sourceTree = "<group>"; };
		678D3DF530839D250F12A9C7 /* Pods-EventFeed-ChatApp.release.xcconfig */ = {isa = PBXFileReference; includeInIndex = 1; lastKnownFileType = text.xcconfig; name = "Pods-EventFeed-ChatApp.release.xcconfig"; path = "Pods/Target Support Files/Pods-EventFeed-ChatApp/Pods-EventFeed-ChatApp.release.xcconfig"; sourceTree = "<group>"; };
		83904A3E9DBF983E44D1AC80 /* Pods-EventFeed-ChatAppTests.release.xcconfig */ = {isa = PBXFileReference; includeInIndex = 1; lastKnownFileType = text.xcconfig; name = "Pods-EventFeed-ChatAppTests.release.xcconfig"; path = "Pods/Target Support Files/Pods-EventFeed-ChatAppTests/Pods-EventFeed-ChatAppTests.release.xcconfig"; sourceTree = "<group>"; };
		9768413F9C302D375FA9C703 /* Pods-EventFeed-ChatApp.debug.xcconfig */ = {isa = PBXFileReference; includeInIndex = 1; lastKnownFileType = text.xcconfig; name = "Pods-EventFeed-ChatApp.debug.xcconfig"; path = "Pods/Target Support Files/Pods-EventFeed-ChatApp/Pods-EventFeed-ChatApp.debug.xcconfig"; sourceTree = "<group>"; };
		A60DB9F31E88327A009F2823 /* GoogleService-Info.plist */ = {isa = PBXFileReference; fileEncoding = 4; lastKnownFileType = text.plist.xml; path = "GoogleService-Info.plist"; sourceTree = "<group>"; };
		A60DB9F51E88377F009F2823 /* UsersViewController.swift */ = {isa = PBXFileReference; fileEncoding = 4; lastKnownFileType = sourcecode.swift; path = UsersViewController.swift; sourceTree = "<group>"; };
		A60DB9F71E8842EE009F2823 /* UserDefaultHelpers.swift */ = {isa = PBXFileReference; fileEncoding = 4; lastKnownFileType = sourcecode.swift; path = UserDefaultHelpers.swift; sourceTree = "<group>"; };
		A60DB9F91E8C4E64009F2823 /* User.swift */ = {isa = PBXFileReference; fileEncoding = 4; lastKnownFileType = sourcecode.swift; path = User.swift; sourceTree = "<group>"; };
		A6D037401E7FC81800085244 /* EventFeed-ChatApp.app */ = {isa = PBXFileReference; explicitFileType = wrapper.application; includeInIndex = 0; path = "EventFeed-ChatApp.app"; sourceTree = BUILT_PRODUCTS_DIR; };
		A6D037431E7FC81800085244 /* AppDelegate.swift */ = {isa = PBXFileReference; lastKnownFileType = sourcecode.swift; path = AppDelegate.swift; sourceTree = "<group>"; };
		A6D037451E7FC81800085244 /* FeedsViewController.swift */ = {isa = PBXFileReference; lastKnownFileType = sourcecode.swift; path = FeedsViewController.swift; sourceTree = "<group>"; };
		A6D0374A1E7FC81900085244 /* Assets.xcassets */ = {isa = PBXFileReference; lastKnownFileType = folder.assetcatalog; path = Assets.xcassets; sourceTree = "<group>"; };
		A6D0374D1E7FC81900085244 /* Base */ = {isa = PBXFileReference; lastKnownFileType = file.storyboard; name = Base; path = Base.lproj/LaunchScreen.storyboard; sourceTree = "<group>"; };
		A6D0374F1E7FC81900085244 /* Info.plist */ = {isa = PBXFileReference; lastKnownFileType = text.plist.xml; path = Info.plist; sourceTree = "<group>"; };
		A6D037541E7FC81900085244 /* EventFeed-ChatAppTests.xctest */ = {isa = PBXFileReference; explicitFileType = wrapper.cfbundle; includeInIndex = 0; path = "EventFeed-ChatAppTests.xctest"; sourceTree = BUILT_PRODUCTS_DIR; };
		A6D037581E7FC81900085244 /* EventFeed_ChatAppTests.swift */ = {isa = PBXFileReference; lastKnownFileType = sourcecode.swift; path = EventFeed_ChatAppTests.swift; sourceTree = "<group>"; };
		A6D0375A1E7FC81900085244 /* Info.plist */ = {isa = PBXFileReference; lastKnownFileType = text.plist.xml; path = Info.plist; sourceTree = "<group>"; };
		A6D0375F1E7FC81900085244 /* EventFeed-ChatAppUITests.xctest */ = {isa = PBXFileReference; explicitFileType = wrapper.cfbundle; includeInIndex = 0; path = "EventFeed-ChatAppUITests.xctest"; sourceTree = BUILT_PRODUCTS_DIR; };
		A6D037631E7FC81900085244 /* EventFeed_ChatAppUITests.swift */ = {isa = PBXFileReference; lastKnownFileType = sourcecode.swift; path = EventFeed_ChatAppUITests.swift; sourceTree = "<group>"; };
		A6D037651E7FC81900085244 /* Info.plist */ = {isa = PBXFileReference; lastKnownFileType = text.plist.xml; path = Info.plist; sourceTree = "<group>"; };
		A6D037761E813D4400085244 /* Extensions.swift */ = {isa = PBXFileReference; fileEncoding = 4; lastKnownFileType = sourcecode.swift; path = Extensions.swift; sourceTree = "<group>"; };
		A6D037781E814B7800085244 /* MainTabBarController.swift */ = {isa = PBXFileReference; fileEncoding = 4; lastKnownFileType = sourcecode.swift; path = MainTabBarController.swift; sourceTree = "<group>"; };
		A6D0377A1E816A3B00085244 /* Event.swift */ = {isa = PBXFileReference; fileEncoding = 4; lastKnownFileType = sourcecode.swift; path = Event.swift; sourceTree = "<group>"; };
		A6D0377C1E816AAB00085244 /* FeedsCell.swift */ = {isa = PBXFileReference; fileEncoding = 4; lastKnownFileType = sourcecode.swift; path = FeedsCell.swift; sourceTree = "<group>"; };
		A6D0377E1E81811900085244 /* PageCell.swift */ = {isa = PBXFileReference; fileEncoding = 4; lastKnownFileType = sourcecode.swift; path = PageCell.swift; sourceTree = "<group>"; };
		A6D037801E81813F00085244 /* Page.swift */ = {isa = PBXFileReference; fileEncoding = 4; lastKnownFileType = sourcecode.swift; path = Page.swift; sourceTree = "<group>"; };
		A6D037821E81818000085244 /* LoginViewController.swift */ = {isa = PBXFileReference; fileEncoding = 4; lastKnownFileType = sourcecode.swift; path = LoginViewController.swift; sourceTree = "<group>"; };
		A6D037841E818E4100085244 /* LoginCell.swift */ = {isa = PBXFileReference; fileEncoding = 4; lastKnownFileType = sourcecode.swift; path = LoginCell.swift; sourceTree = "<group>"; };
		EFCACDCBBBCB13BF878B3D73 /* Pods-EventFeed-ChatAppUITests.release.xcconfig */ = {isa = PBXFileReference; includeInIndex = 1; lastKnownFileType = text.xcconfig; name = "Pods-EventFeed-ChatAppUITests.release.xcconfig"; path = "Pods/Target Support Files/Pods-EventFeed-ChatAppUITests/Pods-EventFeed-ChatAppUITests.release.xcconfig"; sourceTree = "<group>"; };
/* End PBXFileReference section */

/* Begin PBXFrameworksBuildPhase section */
		A6D0373D1E7FC81800085244 /* Frameworks */ = {
			isa = PBXFrameworksBuildPhase;
			buildActionMask = 2147483647;
			files = (
				0874CB15E68830F3E5A33372 /* Pods_EventFeed_ChatApp.framework in Frameworks */,
			);
			runOnlyForDeploymentPostprocessing = 0;
		};
		A6D037511E7FC81900085244 /* Frameworks */ = {
			isa = PBXFrameworksBuildPhase;
			buildActionMask = 2147483647;
			files = (
				E1A24C576A41A9E050483837 /* Pods_EventFeed_ChatAppTests.framework in Frameworks */,
			);
			runOnlyForDeploymentPostprocessing = 0;
		};
		A6D0375C1E7FC81900085244 /* Frameworks */ = {
			isa = PBXFrameworksBuildPhase;
			buildActionMask = 2147483647;
			files = (
				79E1170AB1D2509EEA11EF40 /* Pods_EventFeed_ChatAppUITests.framework in Frameworks */,
			);
			runOnlyForDeploymentPostprocessing = 0;
		};
/* End PBXFrameworksBuildPhase section */

/* Begin PBXGroup section */
		81BCA0DC5D6E06F7E392428A /* Frameworks */ = {
			isa = PBXGroup;
			children = (
				28D8419C51AE738119B47F50 /* Pods_EventFeed_ChatApp.framework */,
				0D273AA6019DABA73FC7B991 /* Pods_EventFeed_ChatAppTests.framework */,
				5610EE383850641413B698CB /* Pods_EventFeed_ChatAppUITests.framework */,
			);
			name = Frameworks;
			sourceTree = "<group>";
		};
		A6D037371E7FC81800085244 = {
			isa = PBXGroup;
			children = (
				A6D037421E7FC81800085244 /* EventFeed-ChatApp */,
				A6D037571E7FC81900085244 /* EventFeed-ChatAppTests */,
				A6D037621E7FC81900085244 /* EventFeed-ChatAppUITests */,
				A6D037411E7FC81800085244 /* Products */,
				ABDDBC2900770CDF76CB5CC1 /* Pods */,
				81BCA0DC5D6E06F7E392428A /* Frameworks */,
			);
			sourceTree = "<group>";
		};
		A6D037411E7FC81800085244 /* Products */ = {
			isa = PBXGroup;
			children = (
				A6D037401E7FC81800085244 /* EventFeed-ChatApp.app */,
				A6D037541E7FC81900085244 /* EventFeed-ChatAppTests.xctest */,
				A6D0375F1E7FC81900085244 /* EventFeed-ChatAppUITests.xctest */,
			);
			name = Products;
			sourceTree = "<group>";
		};
		A6D037421E7FC81800085244 /* EventFeed-ChatApp */ = {
			isa = PBXGroup;
			children = (
				A6D037751E813BE400085244 /* Helpers */,
				A6D037741E813BDB00085244 /* Extension */,
				A6D037731E813BD500085244 /* Views */,
				A6D037721E813BC400085244 /* Controller */,
				A6D037711E813BBB00085244 /* Model */,
				A6D037431E7FC81800085244 /* AppDelegate.swift */,
				A6D0374A1E7FC81900085244 /* Assets.xcassets */,
				A6D0374C1E7FC81900085244 /* LaunchScreen.storyboard */,
				A60DB9F31E88327A009F2823 /* GoogleService-Info.plist */,
				A6D0374F1E7FC81900085244 /* Info.plist */,
			);
			path = "EventFeed-ChatApp";
			sourceTree = "<group>";
		};
		A6D037571E7FC81900085244 /* EventFeed-ChatAppTests */ = {
			isa = PBXGroup;
			children = (
				A6D037581E7FC81900085244 /* EventFeed_ChatAppTests.swift */,
				A6D0375A1E7FC81900085244 /* Info.plist */,
			);
			path = "EventFeed-ChatAppTests";
			sourceTree = "<group>";
		};
		A6D037621E7FC81900085244 /* EventFeed-ChatAppUITests */ = {
			isa = PBXGroup;
			children = (
				A6D037631E7FC81900085244 /* EventFeed_ChatAppUITests.swift */,
				A6D037651E7FC81900085244 /* Info.plist */,
			);
			path = "EventFeed-ChatAppUITests";
			sourceTree = "<group>";
		};
		A6D037711E813BBB00085244 /* Model */ = {
			isa = PBXGroup;
			children = (
				A6D0377A1E816A3B00085244 /* Event.swift */,
				A6D037801E81813F00085244 /* Page.swift */,
				A60DB9F91E8C4E64009F2823 /* User.swift */,
			);
			name = Model;
			sourceTree = "<group>";
		};
		A6D037721E813BC400085244 /* Controller */ = {
			isa = PBXGroup;
			children = (
				A6D037451E7FC81800085244 /* FeedsViewController.swift */,
				A6D037781E814B7800085244 /* MainTabBarController.swift */,
				A6D037821E81818000085244 /* LoginViewController.swift */,
				A60DB9F51E88377F009F2823 /* UsersViewController.swift */,
			);
			name = Controller;
			sourceTree = "<group>";
		};
		A6D037731E813BD500085244 /* Views */ = {
			isa = PBXGroup;
			children = (
				A6D0377C1E816AAB00085244 /* FeedsCell.swift */,
				A6D0377E1E81811900085244 /* PageCell.swift */,
				A6D037841E818E4100085244 /* LoginCell.swift */,
			);
			name = Views;
			sourceTree = "<group>";
		};
		A6D037741E813BDB00085244 /* Extension */ = {
			isa = PBXGroup;
			children = (
				A6D037761E813D4400085244 /* Extensions.swift */,
			);
			name = Extension;
			sourceTree = "<group>";
		};
		A6D037751E813BE400085244 /* Helpers */ = {
			isa = PBXGroup;
			children = (
				A60DB9F71E8842EE009F2823 /* UserDefaultHelpers.swift */,
			);
			name = Helpers;
			sourceTree = "<group>";
		};
		ABDDBC2900770CDF76CB5CC1 /* Pods */ = {
			isa = PBXGroup;
			children = (
				9768413F9C302D375FA9C703 /* Pods-EventFeed-ChatApp.debug.xcconfig */,
				678D3DF530839D250F12A9C7 /* Pods-EventFeed-ChatApp.release.xcconfig */,
				22A52DFE641EA80D5FAE31CA /* Pods-EventFeed-ChatAppTests.debug.xcconfig */,
				83904A3E9DBF983E44D1AC80 /* Pods-EventFeed-ChatAppTests.release.xcconfig */,
				56FCBD5E952108B55C6B8490 /* Pods-EventFeed-ChatAppUITests.debug.xcconfig */,
				EFCACDCBBBCB13BF878B3D73 /* Pods-EventFeed-ChatAppUITests.release.xcconfig */,
			);
			name = Pods;
			sourceTree = "<group>";
		};
/* End PBXGroup section */

/* Begin PBXNativeTarget section */
		A6D0373F1E7FC81800085244 /* EventFeed-ChatApp */ = {
			isa = PBXNativeTarget;
			buildConfigurationList = A6D037681E7FC81900085244 /* Build configuration list for PBXNativeTarget "EventFeed-ChatApp" */;
			buildPhases = (
				568463B6D7AA037C937A65A1 /* [CP] Check Pods Manifest.lock */,
				A6D0373C1E7FC81800085244 /* Sources */,
				A6D0373D1E7FC81800085244 /* Frameworks */,
				A6D0373E1E7FC81800085244 /* Resources */,
				AF6E318EE9AD95D4AE0873A2 /* [CP] Embed Pods Frameworks */,
				788C3BA6864BA2AE043D31E9 /* [CP] Copy Pods Resources */,
			);
			buildRules = (
			);
			dependencies = (
			);
			name = "EventFeed-ChatApp";
			productName = "EventFeed-ChatApp";
			productReference = A6D037401E7FC81800085244 /* EventFeed-ChatApp.app */;
			productType = "com.apple.product-type.application";
		};
		A6D037531E7FC81900085244 /* EventFeed-ChatAppTests */ = {
			isa = PBXNativeTarget;
			buildConfigurationList = A6D0376B1E7FC81900085244 /* Build configuration list for PBXNativeTarget "EventFeed-ChatAppTests" */;
			buildPhases = (
				F97F378EA60868F5F2824E12 /* [CP] Check Pods Manifest.lock */,
				A6D037501E7FC81900085244 /* Sources */,
				A6D037511E7FC81900085244 /* Frameworks */,
				A6D037521E7FC81900085244 /* Resources */,
				8E678A9AF9958F64D8A94830 /* [CP] Embed Pods Frameworks */,
				0FF5187CFCBE528C4378B7B7 /* [CP] Copy Pods Resources */,
			);
			buildRules = (
			);
			dependencies = (
				A6D037561E7FC81900085244 /* PBXTargetDependency */,
			);
			name = "EventFeed-ChatAppTests";
			productName = "EventFeed-ChatAppTests";
			productReference = A6D037541E7FC81900085244 /* EventFeed-ChatAppTests.xctest */;
			productType = "com.apple.product-type.bundle.unit-test";
		};
		A6D0375E1E7FC81900085244 /* EventFeed-ChatAppUITests */ = {
			isa = PBXNativeTarget;
			buildConfigurationList = A6D0376E1E7FC81900085244 /* Build configuration list for PBXNativeTarget "EventFeed-ChatAppUITests" */;
			buildPhases = (
				D9562F3055419D68B51B595C /* [CP] Check Pods Manifest.lock */,
				A6D0375B1E7FC81900085244 /* Sources */,
				A6D0375C1E7FC81900085244 /* Frameworks */,
				A6D0375D1E7FC81900085244 /* Resources */,
				70382055DE71429DCD54AA63 /* [CP] Embed Pods Frameworks */,
				DC96F1A61C493995E026BC03 /* [CP] Copy Pods Resources */,
			);
			buildRules = (
			);
			dependencies = (
				A6D037611E7FC81900085244 /* PBXTargetDependency */,
			);
			name = "EventFeed-ChatAppUITests";
			productName = "EventFeed-ChatAppUITests";
			productReference = A6D0375F1E7FC81900085244 /* EventFeed-ChatAppUITests.xctest */;
			productType = "com.apple.product-type.bundle.ui-testing";
		};
/* End PBXNativeTarget section */

/* Begin PBXProject section */
		A6D037381E7FC81800085244 /* Project object */ = {
			isa = PBXProject;
			attributes = {
				LastSwiftUpdateCheck = 0820;
				LastUpgradeCheck = 0820;
				ORGANIZATIONNAME = MacAir;
				TargetAttributes = {
					A6D0373F1E7FC81800085244 = {
						CreatedOnToolsVersion = 8.2.1;
						DevelopmentTeam = 6H46458GVN;
						ProvisioningStyle = Automatic;
					};
					A6D037531E7FC81900085244 = {
						CreatedOnToolsVersion = 8.2.1;
						DevelopmentTeam = 6H46458GVN;
						ProvisioningStyle = Automatic;
						TestTargetID = A6D0373F1E7FC81800085244;
					};
					A6D0375E1E7FC81900085244 = {
						CreatedOnToolsVersion = 8.2.1;
						DevelopmentTeam = 6H46458GVN;
						ProvisioningStyle = Automatic;
						TestTargetID = A6D0373F1E7FC81800085244;
					};
				};
			};
			buildConfigurationList = A6D0373B1E7FC81800085244 /* Build configuration list for PBXProject "EventFeed-ChatApp" */;
			compatibilityVersion = "Xcode 3.2";
			developmentRegion = English;
			hasScannedForEncodings = 0;
			knownRegions = (
				en,
				Base,
			);
			mainGroup = A6D037371E7FC81800085244;
			productRefGroup = A6D037411E7FC81800085244 /* Products */;
			projectDirPath = "";
			projectRoot = "";
			targets = (
				A6D0373F1E7FC81800085244 /* EventFeed-ChatApp */,
				A6D037531E7FC81900085244 /* EventFeed-ChatAppTests */,
				A6D0375E1E7FC81900085244 /* EventFeed-ChatAppUITests */,
			);
		};
/* End PBXProject section */

/* Begin PBXResourcesBuildPhase section */
		A6D0373E1E7FC81800085244 /* Resources */ = {
			isa = PBXResourcesBuildPhase;
			buildActionMask = 2147483647;
			files = (
				A6D0374E1E7FC81900085244 /* LaunchScreen.storyboard in Resources */,
				A6D0374B1E7FC81900085244 /* Assets.xcassets in Resources */,
				A60DB9F41E88327A009F2823 /* GoogleService-Info.plist in Resources */,
			);
			runOnlyForDeploymentPostprocessing = 0;
		};
		A6D037521E7FC81900085244 /* Resources */ = {
			isa = PBXResourcesBuildPhase;
			buildActionMask = 2147483647;
			files = (
			);
			runOnlyForDeploymentPostprocessing = 0;
		};
		A6D0375D1E7FC81900085244 /* Resources */ = {
			isa = PBXResourcesBuildPhase;
			buildActionMask = 2147483647;
			files = (
			);
			runOnlyForDeploymentPostprocessing = 0;
		};
/* End PBXResourcesBuildPhase section */

/* Begin PBXShellScriptBuildPhase section */
		0FF5187CFCBE528C4378B7B7 /* [CP] Copy Pods Resources */ = {
			isa = PBXShellScriptBuildPhase;
			buildActionMask = 2147483647;
			files = (
			);
			inputPaths = (
			);
			name = "[CP] Copy Pods Resources";
			outputPaths = (
			);
			runOnlyForDeploymentPostprocessing = 0;
			shellPath = /bin/sh;
			shellScript = "\"${SRCROOT}/Pods/Target Support Files/Pods-EventFeed-ChatAppTests/Pods-EventFeed-ChatAppTests-resources.sh\"\n";
			showEnvVarsInLog = 0;
		};
		568463B6D7AA037C937A65A1 /* [CP] Check Pods Manifest.lock */ = {
			isa = PBXShellScriptBuildPhase;
			buildActionMask = 2147483647;
			files = (
			);
			inputPaths = (
			);
			name = "[CP] Check Pods Manifest.lock";
			outputPaths = (
			);
			runOnlyForDeploymentPostprocessing = 0;
			shellPath = /bin/sh;
			shellScript = "diff \"${PODS_ROOT}/../Podfile.lock\" \"${PODS_ROOT}/Manifest.lock\" > /dev/null\nif [ $? != 0 ] ; then\n    # print error to STDERR\n    echo \"error: The sandbox is not in sync with the Podfile.lock. Run 'pod install' or update your CocoaPods installation.\" >&2\n    exit 1\nfi\n";
			showEnvVarsInLog = 0;
		};
		70382055DE71429DCD54AA63 /* [CP] Embed Pods Frameworks */ = {
			isa = PBXShellScriptBuildPhase;
			buildActionMask = 2147483647;
			files = (
			);
			inputPaths = (
			);
			name = "[CP] Embed Pods Frameworks";
			outputPaths = (
			);
			runOnlyForDeploymentPostprocessing = 0;
			shellPath = /bin/sh;
			shellScript = "\"${SRCROOT}/Pods/Target Support Files/Pods-EventFeed-ChatAppUITests/Pods-EventFeed-ChatAppUITests-frameworks.sh\"\n";
			showEnvVarsInLog = 0;
		};
		788C3BA6864BA2AE043D31E9 /* [CP] Copy Pods Resources */ = {
			isa = PBXShellScriptBuildPhase;
			buildActionMask = 2147483647;
			files = (
			);
			inputPaths = (
			);
			name = "[CP] Copy Pods Resources";
			outputPaths = (
			);
			runOnlyForDeploymentPostprocessing = 0;
			shellPath = /bin/sh;
			shellScript = "\"${SRCROOT}/Pods/Target Support Files/Pods-EventFeed-ChatApp/Pods-EventFeed-ChatApp-resources.sh\"\n";
			showEnvVarsInLog = 0;
		};
		8E678A9AF9958F64D8A94830 /* [CP] Embed Pods Frameworks */ = {
			isa = PBXShellScriptBuildPhase;
			buildActionMask = 2147483647;
			files = (
			);
			inputPaths = (
			);
			name = "[CP] Embed Pods Frameworks";
			outputPaths = (
			);
			runOnlyForDeploymentPostprocessing = 0;
			shellPath = /bin/sh;
			shellScript = "\"${SRCROOT}/Pods/Target Support Files/Pods-EventFeed-ChatAppTests/Pods-EventFeed-ChatAppTests-frameworks.sh\"\n";
			showEnvVarsInLog = 0;
		};
		AF6E318EE9AD95D4AE0873A2 /* [CP] Embed Pods Frameworks */ = {
			isa = PBXShellScriptBuildPhase;
			buildActionMask = 2147483647;
			files = (
			);
			inputPaths = (
			);
			name = "[CP] Embed Pods Frameworks";
			outputPaths = (
			);
			runOnlyForDeploymentPostprocessing = 0;
			shellPath = /bin/sh;
			shellScript = "\"${SRCROOT}/Pods/Target Support Files/Pods-EventFeed-ChatApp/Pods-EventFeed-ChatApp-frameworks.sh\"\n";
			showEnvVarsInLog = 0;
		};
		D9562F3055419D68B51B595C /* [CP] Check Pods Manifest.lock */ = {
			isa = PBXShellScriptBuildPhase;
			buildActionMask = 2147483647;
			files = (
			);
			inputPaths = (
			);
			name = "[CP] Check Pods Manifest.lock";
			outputPaths = (
			);
			runOnlyForDeploymentPostprocessing = 0;
			shellPath = /bin/sh;
			shellScript = "diff \"${PODS_ROOT}/../Podfile.lock\" \"${PODS_ROOT}/Manifest.lock\" > /dev/null\nif [ $? != 0 ] ; then\n    # print error to STDERR\n    echo \"error: The sandbox is not in sync with the Podfile.lock. Run 'pod install' or update your CocoaPods installation.\" >&2\n    exit 1\nfi\n";
			showEnvVarsInLog = 0;
		};
		DC96F1A61C493995E026BC03 /* [CP] Copy Pods Resources */ = {
			isa = PBXShellScriptBuildPhase;
			buildActionMask = 2147483647;
			files = (
			);
			inputPaths = (
			);
			name = "[CP] Copy Pods Resources";
			outputPaths = (
			);
			runOnlyForDeploymentPostprocessing = 0;
			shellPath = /bin/sh;
			shellScript = "\"${SRCROOT}/Pods/Target Support Files/Pods-EventFeed-ChatAppUITests/Pods-EventFeed-ChatAppUITests-resources.sh\"\n";
			showEnvVarsInLog = 0;
		};
		F97F378EA60868F5F2824E12 /* [CP] Check Pods Manifest.lock */ = {
			isa = PBXShellScriptBuildPhase;
			buildActionMask = 2147483647;
			files = (
			);
			inputPaths = (
			);
			name = "[CP] Check Pods Manifest.lock";
			outputPaths = (
			);
			runOnlyForDeploymentPostprocessing = 0;
			shellPath = /bin/sh;
			shellScript = "diff \"${PODS_ROOT}/../Podfile.lock\" \"${PODS_ROOT}/Manifest.lock\" > /dev/null\nif [ $? != 0 ] ; then\n    # print error to STDERR\n    echo \"error: The sandbox is not in sync with the Podfile.lock. Run 'pod install' or update your CocoaPods installation.\" >&2\n    exit 1\nfi\n";
			showEnvVarsInLog = 0;
		};
/* End PBXShellScriptBuildPhase section */

/* Begin PBXSourcesBuildPhase section */
		A6D0373C1E7FC81800085244 /* Sources */ = {
			isa = PBXSourcesBuildPhase;
			buildActionMask = 2147483647;
			files = (
				A60DB9FA1E8C4E64009F2823 /* User.swift in Sources */,
				A6D037831E81818000085244 /* LoginViewController.swift in Sources */,
				A6D037461E7FC81800085244 /* FeedsViewController.swift in Sources */,
				A6D0377F1E81811900085244 /* PageCell.swift in Sources */,
				A60DB9F61E88377F009F2823 /* UsersViewController.swift in Sources */,
				A6D037811E81813F00085244 /* Page.swift in Sources */,
				A6D037771E813D4400085244 /* Extensions.swift in Sources */,
				A60DB9F81E8842EF009F2823 /* UserDefaultHelpers.swift in Sources */,
				A6D037791E814B7800085244 /* MainTabBarController.swift in Sources */,
				A6D0377D1E816AAB00085244 /* FeedsCell.swift in Sources */,
				A6D037851E818E4100085244 /* LoginCell.swift in Sources */,
				A6D0377B1E816A3B00085244 /* Event.swift in Sources */,
				A6D037441E7FC81800085244 /* AppDelegate.swift in Sources */,
			);
			runOnlyForDeploymentPostprocessing = 0;
		};
		A6D037501E7FC81900085244 /* Sources */ = {
			isa = PBXSourcesBuildPhase;
			buildActionMask = 2147483647;
			files = (
				A6D037591E7FC81900085244 /* EventFeed_ChatAppTests.swift in Sources */,
			);
			runOnlyForDeploymentPostprocessing = 0;
		};
		A6D0375B1E7FC81900085244 /* Sources */ = {
			isa = PBXSourcesBuildPhase;
			buildActionMask = 2147483647;
			files = (
				A6D037641E7FC81900085244 /* EventFeed_ChatAppUITests.swift in Sources */,
			);
			runOnlyForDeploymentPostprocessing = 0;
		};
/* End PBXSourcesBuildPhase section */

/* Begin PBXTargetDependency section */
		A6D037561E7FC81900085244 /* PBXTargetDependency */ = {
			isa = PBXTargetDependency;
			target = A6D0373F1E7FC81800085244 /* EventFeed-ChatApp */;
			targetProxy = A6D037551E7FC81900085244 /* PBXContainerItemProxy */;
		};
		A6D037611E7FC81900085244 /* PBXTargetDependency */ = {
			isa = PBXTargetDependency;
			target = A6D0373F1E7FC81800085244 /* EventFeed-ChatApp */;
			targetProxy = A6D037601E7FC81900085244 /* PBXContainerItemProxy */;
		};
/* End PBXTargetDependency section */

/* Begin PBXVariantGroup section */
		A6D0374C1E7FC81900085244 /* LaunchScreen.storyboard */ = {
			isa = PBXVariantGroup;
			children = (
				A6D0374D1E7FC81900085244 /* Base */,
			);
			name = LaunchScreen.storyboard;
			sourceTree = "<group>";
		};
/* End PBXVariantGroup section */

/* Begin XCBuildConfiguration section */
		A6D037661E7FC81900085244 /* Debug */ = {
			isa = XCBuildConfiguration;
			buildSettings = {
				ALWAYS_SEARCH_USER_PATHS = NO;
				CLANG_ANALYZER_NONNULL = YES;
				CLANG_CXX_LANGUAGE_STANDARD = "gnu++0x";
				CLANG_CXX_LIBRARY = "libc++";
				CLANG_ENABLE_MODULES = YES;
				CLANG_ENABLE_OBJC_ARC = YES;
				CLANG_WARN_BOOL_CONVERSION = YES;
				CLANG_WARN_CONSTANT_CONVERSION = YES;
				CLANG_WARN_DIRECT_OBJC_ISA_USAGE = YES_ERROR;
				CLANG_WARN_DOCUMENTATION_COMMENTS = YES;
				CLANG_WARN_EMPTY_BODY = YES;
				CLANG_WARN_ENUM_CONVERSION = YES;
				CLANG_WARN_INFINITE_RECURSION = YES;
				CLANG_WARN_INT_CONVERSION = YES;
				CLANG_WARN_OBJC_ROOT_CLASS = YES_ERROR;
				CLANG_WARN_SUSPICIOUS_MOVE = YES;
				CLANG_WARN_UNREACHABLE_CODE = YES;
				CLANG_WARN__DUPLICATE_METHOD_MATCH = YES;
				"CODE_SIGN_IDENTITY[sdk=iphoneos*]" = "iPhone Developer";
				COPY_PHASE_STRIP = NO;
				DEBUG_INFORMATION_FORMAT = dwarf;
				ENABLE_STRICT_OBJC_MSGSEND = YES;
				ENABLE_TESTABILITY = YES;
				GCC_C_LANGUAGE_STANDARD = gnu99;
				GCC_DYNAMIC_NO_PIC = NO;
				GCC_NO_COMMON_BLOCKS = YES;
				GCC_OPTIMIZATION_LEVEL = 0;
				GCC_PREPROCESSOR_DEFINITIONS = (
					"DEBUG=1",
					"$(inherited)",
				);
				GCC_WARN_64_TO_32_BIT_CONVERSION = YES;
				GCC_WARN_ABOUT_RETURN_TYPE = YES_ERROR;
				GCC_WARN_UNDECLARED_SELECTOR = YES;
				GCC_WARN_UNINITIALIZED_AUTOS = YES_AGGRESSIVE;
				GCC_WARN_UNUSED_FUNCTION = YES;
				GCC_WARN_UNUSED_VARIABLE = YES;
				IPHONEOS_DEPLOYMENT_TARGET = 10.2;
				MTL_ENABLE_DEBUG_INFO = YES;
				ONLY_ACTIVE_ARCH = YES;
				SDKROOT = iphoneos;
				SWIFT_ACTIVE_COMPILATION_CONDITIONS = DEBUG;
				SWIFT_OPTIMIZATION_LEVEL = "-Onone";
				TARGETED_DEVICE_FAMILY = "1,2";
			};
			name = Debug;
		};
		A6D037671E7FC81900085244 /* Release */ = {
			isa = XCBuildConfiguration;
			buildSettings = {
				ALWAYS_SEARCH_USER_PATHS = NO;
				CLANG_ANALYZER_NONNULL = YES;
				CLANG_CXX_LANGUAGE_STANDARD = "gnu++0x";
				CLANG_CXX_LIBRARY = "libc++";
				CLANG_ENABLE_MODULES = YES;
				CLANG_ENABLE_OBJC_ARC = YES;
				CLANG_WARN_BOOL_CONVERSION = YES;
				CLANG_WARN_CONSTANT_CONVERSION = YES;
				CLANG_WARN_DIRECT_OBJC_ISA_USAGE = YES_ERROR;
				CLANG_WARN_DOCUMENTATION_COMMENTS = YES;
				CLANG_WARN_EMPTY_BODY = YES;
				CLANG_WARN_ENUM_CONVERSION = YES;
				CLANG_WARN_INFINITE_RECURSION = YES;
				CLANG_WARN_INT_CONVERSION = YES;
				CLANG_WARN_OBJC_ROOT_CLASS = YES_ERROR;
				CLANG_WARN_SUSPICIOUS_MOVE = YES;
				CLANG_WARN_UNREACHABLE_CODE = YES;
				CLANG_WARN__DUPLICATE_METHOD_MATCH = YES;
				"CODE_SIGN_IDENTITY[sdk=iphoneos*]" = "iPhone Developer";
				COPY_PHASE_STRIP = NO;
				DEBUG_INFORMATION_FORMAT = "dwarf-with-dsym";
				ENABLE_NS_ASSERTIONS = NO;
				ENABLE_STRICT_OBJC_MSGSEND = YES;
				GCC_C_LANGUAGE_STANDARD = gnu99;
				GCC_NO_COMMON_BLOCKS = YES;
				GCC_WARN_64_TO_32_BIT_CONVERSION = YES;
				GCC_WARN_ABOUT_RETURN_TYPE = YES_ERROR;
				GCC_WARN_UNDECLARED_SELECTOR = YES;
				GCC_WARN_UNINITIALIZED_AUTOS = YES_AGGRESSIVE;
				GCC_WARN_UNUSED_FUNCTION = YES;
				GCC_WARN_UNUSED_VARIABLE = YES;
				IPHONEOS_DEPLOYMENT_TARGET = 10.2;
				MTL_ENABLE_DEBUG_INFO = NO;
				SDKROOT = iphoneos;
				SWIFT_OPTIMIZATION_LEVEL = "-Owholemodule";
				TARGETED_DEVICE_FAMILY = "1,2";
				VALIDATE_PRODUCT = YES;
			};
			name = Release;
		};
		A6D037691E7FC81900085244 /* Debug */ = {
			isa = XCBuildConfiguration;
			baseConfigurationReference = 9768413F9C302D375FA9C703 /* Pods-EventFeed-ChatApp.debug.xcconfig */;
			buildSettings = {
				ASSETCATALOG_COMPILER_APPICON_NAME = AppIcon;
				DEVELOPMENT_TEAM = 6H46458GVN;
				INFOPLIST_FILE = "EventFeed-ChatApp/Info.plist";
				LD_RUNPATH_SEARCH_PATHS = "$(inherited) @executable_path/Frameworks";
				PRODUCT_BUNDLE_IDENTIFIER = "cooldemo.info.EventFeed-ChatApp";
				PRODUCT_NAME = "$(TARGET_NAME)";
				SWIFT_VERSION = 3.0;
			};
			name = Debug;
		};
		A6D0376A1E7FC81900085244 /* Release */ = {
			isa = XCBuildConfiguration;
			baseConfigurationReference = 678D3DF530839D250F12A9C7 /* Pods-EventFeed-ChatApp.release.xcconfig */;
			buildSettings = {
				ASSETCATALOG_COMPILER_APPICON_NAME = AppIcon;
				DEVELOPMENT_TEAM = 6H46458GVN;
				INFOPLIST_FILE = "EventFeed-ChatApp/Info.plist";
				LD_RUNPATH_SEARCH_PATHS = "$(inherited) @executable_path/Frameworks";
				PRODUCT_BUNDLE_IDENTIFIER = "cooldemo.info.EventFeed-ChatApp";
				PRODUCT_NAME = "$(TARGET_NAME)";
				SWIFT_VERSION = 3.0;
			};
			name = Release;
		};
		A6D0376C1E7FC81900085244 /* Debug */ = {
			isa = XCBuildConfiguration;
			baseConfigurationReference = 22A52DFE641EA80D5FAE31CA /* Pods-EventFeed-ChatAppTests.debug.xcconfig */;
			buildSettings = {
				ALWAYS_EMBED_SWIFT_STANDARD_LIBRARIES = YES;
				BUNDLE_LOADER = "$(TEST_HOST)";
				DEVELOPMENT_TEAM = 6H46458GVN;
				INFOPLIST_FILE = "EventFeed-ChatAppTests/Info.plist";
				LD_RUNPATH_SEARCH_PATHS = "$(inherited) @executable_path/Frameworks @loader_path/Frameworks";
				PRODUCT_BUNDLE_IDENTIFIER = "cooldemo.info.EventFeed-ChatAppTests";
				PRODUCT_NAME = "$(TARGET_NAME)";
				SWIFT_VERSION = 3.0;
				TEST_HOST = "$(BUILT_PRODUCTS_DIR)/EventFeed-ChatApp.app/EventFeed-ChatApp";
			};
			name = Debug;
		};
		A6D0376D1E7FC81900085244 /* Release */ = {
			isa = XCBuildConfiguration;
			baseConfigurationReference = 83904A3E9DBF983E44D1AC80 /* Pods-EventFeed-ChatAppTests.release.xcconfig */;
			buildSettings = {
				ALWAYS_EMBED_SWIFT_STANDARD_LIBRARIES = YES;
				BUNDLE_LOADER = "$(TEST_HOST)";
				DEVELOPMENT_TEAM = 6H46458GVN;
				INFOPLIST_FILE = "EventFeed-ChatAppTests/Info.plist";
				LD_RUNPATH_SEARCH_PATHS = "$(inherited) @executable_path/Frameworks @loader_path/Frameworks";
				PRODUCT_BUNDLE_IDENTIFIER = "cooldemo.info.EventFeed-ChatAppTests";
				PRODUCT_NAME = "$(TARGET_NAME)";
				SWIFT_VERSION = 3.0;
				TEST_HOST = "$(BUILT_PRODUCTS_DIR)/EventFeed-ChatApp.app/EventFeed-ChatApp";
			};
			name = Release;
		};
		A6D0376F1E7FC81900085244 /* Debug */ = {
			isa = XCBuildConfiguration;
			baseConfigurationReference = 56FCBD5E952108B55C6B8490 /* Pods-EventFeed-ChatAppUITests.debug.xcconfig */;
			buildSettings = {
				ALWAYS_EMBED_SWIFT_STANDARD_LIBRARIES = YES;
				DEVELOPMENT_TEAM = 6H46458GVN;
				INFOPLIST_FILE = "EventFeed-ChatAppUITests/Info.plist";
				LD_RUNPATH_SEARCH_PATHS = "$(inherited) @executable_path/Frameworks @loader_path/Frameworks";
				PRODUCT_BUNDLE_IDENTIFIER = "cooldemo.info.EventFeed-ChatAppUITests";
				PRODUCT_NAME = "$(TARGET_NAME)";
				SWIFT_VERSION = 3.0;
				TEST_TARGET_NAME = "EventFeed-ChatApp";
			};
			name = Debug;
		};
		A6D037701E7FC81900085244 /* Release */ = {
			isa = XCBuildConfiguration;
			baseConfigurationReference = EFCACDCBBBCB13BF878B3D73 /* Pods-EventFeed-ChatAppUITests.release.xcconfig */;
			buildSettings = {
				ALWAYS_EMBED_SWIFT_STANDARD_LIBRARIES = YES;
				DEVELOPMENT_TEAM = 6H46458GVN;
				INFOPLIST_FILE = "EventFeed-ChatAppUITests/Info.plist";
				LD_RUNPATH_SEARCH_PATHS = "$(inherited) @executable_path/Frameworks @loader_path/Frameworks";
				PRODUCT_BUNDLE_IDENTIFIER = "cooldemo.info.EventFeed-ChatAppUITests";
				PRODUCT_NAME = "$(TARGET_NAME)";
				SWIFT_VERSION = 3.0;
				TEST_TARGET_NAME = "EventFeed-ChatApp";
			};
			name = Release;
		};
/* End XCBuildConfiguration section */

/* Begin XCConfigurationList section */
		A6D0373B1E7FC81800085244 /* Build configuration list for PBXProject "EventFeed-ChatApp" */ = {
			isa = XCConfigurationList;
			buildConfigurations = (
				A6D037661E7FC81900085244 /* Debug */,
				A6D037671E7FC81900085244 /* Release */,
			);
			defaultConfigurationIsVisible = 0;
			defaultConfigurationName = Release;
		};
		A6D037681E7FC81900085244 /* Build configuration list for PBXNativeTarget "EventFeed-ChatApp" */ = {
			isa = XCConfigurationList;
			buildConfigurations = (
				A6D037691E7FC81900085244 /* Debug */,
				A6D0376A1E7FC81900085244 /* Release */,
			);
			defaultConfigurationIsVisible = 0;
			defaultConfigurationName = Release;
		};
		A6D0376B1E7FC81900085244 /* Build configuration list for PBXNativeTarget "EventFeed-ChatAppTests" */ = {
			isa = XCConfigurationList;
			buildConfigurations = (
				A6D0376C1E7FC81900085244 /* Debug */,
				A6D0376D1E7FC81900085244 /* Release */,
			);
			defaultConfigurationIsVisible = 0;
			defaultConfigurationName = Release;
		};
		A6D0376E1E7FC81900085244 /* Build configuration list for PBXNativeTarget "EventFeed-ChatAppUITests" */ = {
			isa = XCConfigurationList;
			buildConfigurations = (
				A6D0376F1E7FC81900085244 /* Debug */,
				A6D037701E7FC81900085244 /* Release */,
			);
			defaultConfigurationIsVisible = 0;
			defaultConfigurationName = Release;
		};
/* End XCConfigurationList section */
	};
	rootObject = A6D037381E7FC81800085244 /* Project object */;
}
